
Microsoft Visual Studio Solution File, Format Version 12.00
# Visual Studio 15
VisualStudioVersion = 15.0.28010.2046
MinimumVisualStudioVersion = 10.0.40219.1
Project("{FAE04EC0-301F-11D3-BF4B-00C04F79EFBC}") = "ShellSort", "ShellSort\ShellSort.csproj", "{AF2BE171-6B7C-4979-96A9-92BFCADCB5A6}"
EndProject
Global
	GlobalSection(SolutionConfigurationPlatforms) = preSolution
		Debug|Any CPU = Debug|Any CPU
		Release|Any CPU = Release|Any CPU
	EndGlobalSection
	GlobalSection(ProjectConfigurationPlatforms) = postSolution
		{AF2BE171-6B7C-4979-96A9-92BFCADCB5A6}.Debug|Any CPU.ActiveCfg = Debug|Any CPU
		{AF2BE171-6B7C-4979-96A9-92BFCADCB5A6}.Debug|Any CPU.Build.0 = Debug|Any CPU
		{AF2BE171-6B7C-4979-96A9-92BFCADCB5A6}.Release|Any CPU.ActiveCfg = Release|Any CPU
		{AF2BE171-6B7C-4979-96A9-92BFCADCB5A6}.Release|Any CPU.Build.0 = Release|Any CPU
	EndGlobalSection
	GlobalSection(SolutionProperties) = preSolution
		HideSolutionNode = FALSE
	EndGlobalSection
	GlobalSection(ExtensibilityGlobals) = postSolution
		SolutionGuid = {EE2AA3E8-5BE8-4C7C-A4FF-F9B6F21D0DC8}
	EndGlobalSection
EndGlobal
