
Microsoft Visual Studio Solution File, Format Version 12.00
# Visual Studio 15
VisualStudioVersion = 15.0.28010.2046
MinimumVisualStudioVersion = 10.0.40219.1
Project("{FAE04EC0-301F-11D3-BF4B-00C04F79EFBC}") = "MinCoveringTree", "MinCoveringTree\MinCoveringTree.csproj", "{FDFC6AD4-D301-4CD8-83B2-AC11314472FB}"
EndProject
Global
	GlobalSection(SolutionConfigurationPlatforms) = preSolution
		Debug|Any CPU = Debug|Any CPU
		Release|Any CPU = Release|Any CPU
	EndGlobalSection
	GlobalSection(ProjectConfigurationPlatforms) = postSolution
		{FDFC6AD4-D301-4CD8-83B2-AC11314472FB}.Debug|Any CPU.ActiveCfg = Debug|Any CPU
		{FDFC6AD4-D301-4CD8-83B2-AC11314472FB}.Debug|Any CPU.Build.0 = Debug|Any CPU
		{FDFC6AD4-D301-4CD8-83B2-AC11314472FB}.Release|Any CPU.ActiveCfg = Release|Any CPU
		{FDFC6AD4-D301-4CD8-83B2-AC11314472FB}.Release|Any CPU.Build.0 = Release|Any CPU
	EndGlobalSection
	GlobalSection(SolutionProperties) = preSolution
		HideSolutionNode = FALSE
	EndGlobalSection
	GlobalSection(ExtensibilityGlobals) = postSolution
		SolutionGuid = {21939DB0-494E-4A5D-A445-3E5D69FEEE2F}
	EndGlobalSection
EndGlobal
