
Microsoft Visual Studio Solution File, Format Version 12.00
# Visual Studio 15
VisualStudioVersion = 15.0.28010.2050
MinimumVisualStudioVersion = 10.0.40219.1
Project("{FAE04EC0-301F-11D3-BF4B-00C04F79EFBC}") = "BubbleSort", "BubbleSort\BubbleSort.csproj", "{399FCD20-7D35-4B6A-9A03-83257991458B}"
EndProject
Global
	GlobalSection(SolutionConfigurationPlatforms) = preSolution
		Debug|Any CPU = Debug|Any CPU
		Release|Any CPU = Release|Any CPU
	EndGlobalSection
	GlobalSection(ProjectConfigurationPlatforms) = postSolution
		{399FCD20-7D35-4B6A-9A03-83257991458B}.Debug|Any CPU.ActiveCfg = Debug|Any CPU
		{399FCD20-7D35-4B6A-9A03-83257991458B}.Debug|Any CPU.Build.0 = Debug|Any CPU
		{399FCD20-7D35-4B6A-9A03-83257991458B}.Release|Any CPU.ActiveCfg = Release|Any CPU
		{399FCD20-7D35-4B6A-9A03-83257991458B}.Release|Any CPU.Build.0 = Release|Any CPU
	EndGlobalSection
	GlobalSection(SolutionProperties) = preSolution
		HideSolutionNode = FALSE
	EndGlobalSection
	GlobalSection(ExtensibilityGlobals) = postSolution
		SolutionGuid = {F7900506-8B2E-40F5-9D0A-8EB0536676C1}
	EndGlobalSection
EndGlobal
