
Microsoft Visual Studio Solution File, Format Version 12.00
# Visual Studio 15
VisualStudioVersion = 15.0.27703.2042
MinimumVisualStudioVersion = 10.0.40219.1
Project("{FAE04EC0-301F-11D3-BF4B-00C04F79EFBC}") = "Sorting", "Sorting\Sorting.csproj", "{83FFE286-D98F-4104-8480-095E6D44832E}"
EndProject
Global
	GlobalSection(SolutionConfigurationPlatforms) = preSolution
		Debug|Any CPU = Debug|Any CPU
		Release|Any CPU = Release|Any CPU
	EndGlobalSection
	GlobalSection(ProjectConfigurationPlatforms) = postSolution
		{83FFE286-D98F-4104-8480-095E6D44832E}.Debug|Any CPU.ActiveCfg = Debug|Any CPU
		{83FFE286-D98F-4104-8480-095E6D44832E}.Debug|Any CPU.Build.0 = Debug|Any CPU
		{83FFE286-D98F-4104-8480-095E6D44832E}.Release|Any CPU.ActiveCfg = Release|Any CPU
		{83FFE286-D98F-4104-8480-095E6D44832E}.Release|Any CPU.Build.0 = Release|Any CPU
	EndGlobalSection
	GlobalSection(SolutionProperties) = preSolution
		HideSolutionNode = FALSE
	EndGlobalSection
	GlobalSection(ExtensibilityGlobals) = postSolution
		SolutionGuid = {A4461940-1A0B-4E31-A50A-30ECEFE1B2C9}
	EndGlobalSection
EndGlobal
