
Microsoft Visual Studio Solution File, Format Version 12.00
# Visual Studio 15
VisualStudioVersion = 15.0.28010.2048
MinimumVisualStudioVersion = 10.0.40219.1
Project("{FAE04EC0-301F-11D3-BF4B-00C04F79EFBC}") = "SearchinString", "SearchinString\SearchinString.csproj", "{9E7B0612-07E7-43BE-975E-AC4EC73ECFAF}"
EndProject
Global
	GlobalSection(SolutionConfigurationPlatforms) = preSolution
		Debug|Any CPU = Debug|Any CPU
		Release|Any CPU = Release|Any CPU
	EndGlobalSection
	GlobalSection(ProjectConfigurationPlatforms) = postSolution
		{9E7B0612-07E7-43BE-975E-AC4EC73ECFAF}.Debug|Any CPU.ActiveCfg = Debug|Any CPU
		{9E7B0612-07E7-43BE-975E-AC4EC73ECFAF}.Debug|Any CPU.Build.0 = Debug|Any CPU
		{9E7B0612-07E7-43BE-975E-AC4EC73ECFAF}.Release|Any CPU.ActiveCfg = Release|Any CPU
		{9E7B0612-07E7-43BE-975E-AC4EC73ECFAF}.Release|Any CPU.Build.0 = Release|Any CPU
	EndGlobalSection
	GlobalSection(SolutionProperties) = preSolution
		HideSolutionNode = FALSE
	EndGlobalSection
	GlobalSection(ExtensibilityGlobals) = postSolution
		SolutionGuid = {478C6DC2-2C0F-43A7-BDF3-AE0B3536A0BA}
	EndGlobalSection
EndGlobal
