
Microsoft Visual Studio Solution File, Format Version 12.00
# Visual Studio 15
VisualStudioVersion = 15.0.28010.2048
MinimumVisualStudioVersion = 10.0.40219.1
Project("{FAE04EC0-301F-11D3-BF4B-00C04F79EFBC}") = "Insertion sort", "Insertion sort\Insertion sort.csproj", "{BC4CD2AE-DC5C-41DA-BA10-5425FB3C57E9}"
EndProject
Global
	GlobalSection(SolutionConfigurationPlatforms) = preSolution
		Debug|Any CPU = Debug|Any CPU
		Release|Any CPU = Release|Any CPU
	EndGlobalSection
	GlobalSection(ProjectConfigurationPlatforms) = postSolution
		{BC4CD2AE-DC5C-41DA-BA10-5425FB3C57E9}.Debug|Any CPU.ActiveCfg = Debug|Any CPU
		{BC4CD2AE-DC5C-41DA-BA10-5425FB3C57E9}.Debug|Any CPU.Build.0 = Debug|Any CPU
		{BC4CD2AE-DC5C-41DA-BA10-5425FB3C57E9}.Release|Any CPU.ActiveCfg = Release|Any CPU
		{BC4CD2AE-DC5C-41DA-BA10-5425FB3C57E9}.Release|Any CPU.Build.0 = Release|Any CPU
	EndGlobalSection
	GlobalSection(SolutionProperties) = preSolution
		HideSolutionNode = FALSE
	EndGlobalSection
	GlobalSection(ExtensibilityGlobals) = postSolution
		SolutionGuid = {BAC6A7AC-6387-4D4F-AAF9-9AAC20BB1699}
	EndGlobalSection
EndGlobal
