
Microsoft Visual Studio Solution File, Format Version 12.00
# Visual Studio 15
VisualStudioVersion = 15.0.27703.2042
MinimumVisualStudioVersion = 10.0.40219.1
Project("{FAE04EC0-301F-11D3-BF4B-00C04F79EFBC}") = "bubble sort", "bubble sort\bubble sort.csproj", "{339A951A-8278-4D90-996C-CAC8F26E217B}"
EndProject
Global
	GlobalSection(SolutionConfigurationPlatforms) = preSolution
		Debug|Any CPU = Debug|Any CPU
		Release|Any CPU = Release|Any CPU
	EndGlobalSection
	GlobalSection(ProjectConfigurationPlatforms) = postSolution
		{339A951A-8278-4D90-996C-CAC8F26E217B}.Debug|Any CPU.ActiveCfg = Debug|Any CPU
		{339A951A-8278-4D90-996C-CAC8F26E217B}.Debug|Any CPU.Build.0 = Debug|Any CPU
		{339A951A-8278-4D90-996C-CAC8F26E217B}.Release|Any CPU.ActiveCfg = Release|Any CPU
		{339A951A-8278-4D90-996C-CAC8F26E217B}.Release|Any CPU.Build.0 = Release|Any CPU
	EndGlobalSection
	GlobalSection(SolutionProperties) = preSolution
		HideSolutionNode = FALSE
	EndGlobalSection
	GlobalSection(ExtensibilityGlobals) = postSolution
		SolutionGuid = {62ADD107-DB14-4E3A-AFFC-986089CBA62F}
	EndGlobalSection
EndGlobal
