
Microsoft Visual Studio Solution File, Format Version 12.00
# Visual Studio 15
VisualStudioVersion = 15.0.28010.2046
MinimumVisualStudioVersion = 10.0.40219.1
Project("{FAE04EC0-301F-11D3-BF4B-00C04F79EFBC}") = "GnomeSort", "GnomeSort\GnomeSort.csproj", "{FCFA658D-A9CA-4D69-AB70-9D71B549E45C}"
EndProject
Global
	GlobalSection(SolutionConfigurationPlatforms) = preSolution
		Debug|Any CPU = Debug|Any CPU
		Release|Any CPU = Release|Any CPU
	EndGlobalSection
	GlobalSection(ProjectConfigurationPlatforms) = postSolution
		{FCFA658D-A9CA-4D69-AB70-9D71B549E45C}.Debug|Any CPU.ActiveCfg = Debug|Any CPU
		{FCFA658D-A9CA-4D69-AB70-9D71B549E45C}.Debug|Any CPU.Build.0 = Debug|Any CPU
		{FCFA658D-A9CA-4D69-AB70-9D71B549E45C}.Release|Any CPU.ActiveCfg = Release|Any CPU
		{FCFA658D-A9CA-4D69-AB70-9D71B549E45C}.Release|Any CPU.Build.0 = Release|Any CPU
	EndGlobalSection
	GlobalSection(SolutionProperties) = preSolution
		HideSolutionNode = FALSE
	EndGlobalSection
	GlobalSection(ExtensibilityGlobals) = postSolution
		SolutionGuid = {7089F108-B473-413C-BF47-D589892A8C41}
	EndGlobalSection
EndGlobal
