
Microsoft Visual Studio Solution File, Format Version 12.00
# Visual Studio 15
VisualStudioVersion = 15.0.28010.2048
MinimumVisualStudioVersion = 10.0.40219.1
Project("{FAE04EC0-301F-11D3-BF4B-00C04F79EFBC}") = "BubbleSort", "BubbleSort\BubbleSort.csproj", "{E28766FB-5C80-490F-AEBD-89F1E517368C}"
EndProject
Global
	GlobalSection(SolutionConfigurationPlatforms) = preSolution
		Debug|Any CPU = Debug|Any CPU
		Release|Any CPU = Release|Any CPU
	EndGlobalSection
	GlobalSection(ProjectConfigurationPlatforms) = postSolution
		{E28766FB-5C80-490F-AEBD-89F1E517368C}.Debug|Any CPU.ActiveCfg = Debug|Any CPU
		{E28766FB-5C80-490F-AEBD-89F1E517368C}.Debug|Any CPU.Build.0 = Debug|Any CPU
		{E28766FB-5C80-490F-AEBD-89F1E517368C}.Release|Any CPU.ActiveCfg = Release|Any CPU
		{E28766FB-5C80-490F-AEBD-89F1E517368C}.Release|Any CPU.Build.0 = Release|Any CPU
	EndGlobalSection
	GlobalSection(SolutionProperties) = preSolution
		HideSolutionNode = FALSE
	EndGlobalSection
	GlobalSection(ExtensibilityGlobals) = postSolution
		SolutionGuid = {0189BBCC-2661-4EB0-84BB-F2E6F494EDEB}
	EndGlobalSection
EndGlobal
