
Microsoft Visual Studio Solution File, Format Version 12.00
# Visual Studio 15
VisualStudioVersion = 15.0.28010.2041
MinimumVisualStudioVersion = 10.0.40219.1
Project("{FAE04EC0-301F-11D3-BF4B-00C04F79EFBC}") = "Selection Sort", "Selection Sort\Selection Sort.csproj", "{E94FDB36-091A-472C-A6EA-87B9AB2A5349}"
EndProject
Global
	GlobalSection(SolutionConfigurationPlatforms) = preSolution
		Debug|Any CPU = Debug|Any CPU
		Release|Any CPU = Release|Any CPU
	EndGlobalSection
	GlobalSection(ProjectConfigurationPlatforms) = postSolution
		{E94FDB36-091A-472C-A6EA-87B9AB2A5349}.Debug|Any CPU.ActiveCfg = Debug|Any CPU
		{E94FDB36-091A-472C-A6EA-87B9AB2A5349}.Debug|Any CPU.Build.0 = Debug|Any CPU
		{E94FDB36-091A-472C-A6EA-87B9AB2A5349}.Release|Any CPU.ActiveCfg = Release|Any CPU
		{E94FDB36-091A-472C-A6EA-87B9AB2A5349}.Release|Any CPU.Build.0 = Release|Any CPU
	EndGlobalSection
	GlobalSection(SolutionProperties) = preSolution
		HideSolutionNode = FALSE
	EndGlobalSection
	GlobalSection(ExtensibilityGlobals) = postSolution
		SolutionGuid = {C96971B5-E8C4-4607-917E-30B458919262}
	EndGlobalSection
EndGlobal
