
Microsoft Visual Studio Solution File, Format Version 12.00
# Visual Studio 15
VisualStudioVersion = 15.0.28010.2046
MinimumVisualStudioVersion = 10.0.40219.1
Project("{8BC9CEB8-8B4A-11D0-8D11-00A0C91BC942}") = "ex.6.70", "ex.6.70\ex.6.70.vcxproj", "{EA40C3DC-6A60-485C-882B-02DA1169A9CB}"
EndProject
Global
	GlobalSection(SolutionConfigurationPlatforms) = preSolution
		Debug|x64 = Debug|x64
		Debug|x86 = Debug|x86
		Release|x64 = Release|x64
		Release|x86 = Release|x86
	EndGlobalSection
	GlobalSection(ProjectConfigurationPlatforms) = postSolution
		{EA40C3DC-6A60-485C-882B-02DA1169A9CB}.Debug|x64.ActiveCfg = Debug|x64
		{EA40C3DC-6A60-485C-882B-02DA1169A9CB}.Debug|x64.Build.0 = Debug|x64
		{EA40C3DC-6A60-485C-882B-02DA1169A9CB}.Debug|x86.ActiveCfg = Debug|Win32
		{EA40C3DC-6A60-485C-882B-02DA1169A9CB}.Debug|x86.Build.0 = Debug|Win32
		{EA40C3DC-6A60-485C-882B-02DA1169A9CB}.Release|x64.ActiveCfg = Release|x64
		{EA40C3DC-6A60-485C-882B-02DA1169A9CB}.Release|x64.Build.0 = Release|x64
		{EA40C3DC-6A60-485C-882B-02DA1169A9CB}.Release|x86.ActiveCfg = Release|Win32
		{EA40C3DC-6A60-485C-882B-02DA1169A9CB}.Release|x86.Build.0 = Release|Win32
	EndGlobalSection
	GlobalSection(SolutionProperties) = preSolution
		HideSolutionNode = FALSE
	EndGlobalSection
	GlobalSection(ExtensibilityGlobals) = postSolution
		SolutionGuid = {97257DD1-9A3A-40AF-AE73-2F7D3C6B7447}
	EndGlobalSection
EndGlobal
