
Microsoft Visual Studio Solution File, Format Version 12.00
# Visual Studio 15
VisualStudioVersion = 15.0.28010.2050
MinimumVisualStudioVersion = 10.0.40219.1
Project("{FAE04EC0-301F-11D3-BF4B-00C04F79EFBC}") = "BubbleSort", "BubbleSort\BubbleSort.csproj", "{C589B6F2-9EA0-4A85-B390-D41EE9853FDD}"
EndProject
Global
	GlobalSection(SolutionConfigurationPlatforms) = preSolution
		Debug|Any CPU = Debug|Any CPU
		Release|Any CPU = Release|Any CPU
	EndGlobalSection
	GlobalSection(ProjectConfigurationPlatforms) = postSolution
		{C589B6F2-9EA0-4A85-B390-D41EE9853FDD}.Debug|Any CPU.ActiveCfg = Debug|Any CPU
		{C589B6F2-9EA0-4A85-B390-D41EE9853FDD}.Debug|Any CPU.Build.0 = Debug|Any CPU
		{C589B6F2-9EA0-4A85-B390-D41EE9853FDD}.Release|Any CPU.ActiveCfg = Release|Any CPU
		{C589B6F2-9EA0-4A85-B390-D41EE9853FDD}.Release|Any CPU.Build.0 = Release|Any CPU
	EndGlobalSection
	GlobalSection(SolutionProperties) = preSolution
		HideSolutionNode = FALSE
	EndGlobalSection
	GlobalSection(ExtensibilityGlobals) = postSolution
		SolutionGuid = {EED75AA7-8464-4549-B828-48854C4C0CC1}
	EndGlobalSection
EndGlobal
