
Microsoft Visual Studio Solution File, Format Version 12.00
# Visual Studio 15
VisualStudioVersion = 15.0.27703.2042
MinimumVisualStudioVersion = 10.0.40219.1
Project("{9A19103F-16F7-4668-BE54-9A1E7A4F7556}") = "NumericSystemConversion", "NumericSystemConversion\NumericSystemConversion.csproj", "{3869352D-1738-4FF2-8F1A-FA4FF86AD2B7}"
EndProject
Global
	GlobalSection(SolutionConfigurationPlatforms) = preSolution
		Debug|Any CPU = Debug|Any CPU
		Release|Any CPU = Release|Any CPU
	EndGlobalSection
	GlobalSection(ProjectConfigurationPlatforms) = postSolution
		{3869352D-1738-4FF2-8F1A-FA4FF86AD2B7}.Debug|Any CPU.ActiveCfg = Debug|Any CPU
		{3869352D-1738-4FF2-8F1A-FA4FF86AD2B7}.Debug|Any CPU.Build.0 = Debug|Any CPU
		{3869352D-1738-4FF2-8F1A-FA4FF86AD2B7}.Release|Any CPU.ActiveCfg = Release|Any CPU
		{3869352D-1738-4FF2-8F1A-FA4FF86AD2B7}.Release|Any CPU.Build.0 = Release|Any CPU
	EndGlobalSection
	GlobalSection(SolutionProperties) = preSolution
		HideSolutionNode = FALSE
	EndGlobalSection
	GlobalSection(ExtensibilityGlobals) = postSolution
		SolutionGuid = {346ED429-B2BF-469A-89CF-77FDC638299A}
	EndGlobalSection
EndGlobal
