
Microsoft Visual Studio Solution File, Format Version 12.00
# Visual Studio 15
VisualStudioVersion = 15.0.28010.2048
MinimumVisualStudioVersion = 10.0.40219.1
Project("{FAE04EC0-301F-11D3-BF4B-00C04F79EFBC}") = "Insertion_Sort_100_Ordered", "Insertion_Sort_100_Ordered\Insertion_Sort_100_Ordered.csproj", "{ED9675BF-7B28-4CE5-90A8-07CA31384FF5}"
EndProject
Global
	GlobalSection(SolutionConfigurationPlatforms) = preSolution
		Debug|Any CPU = Debug|Any CPU
		Release|Any CPU = Release|Any CPU
	EndGlobalSection
	GlobalSection(ProjectConfigurationPlatforms) = postSolution
		{ED9675BF-7B28-4CE5-90A8-07CA31384FF5}.Debug|Any CPU.ActiveCfg = Debug|Any CPU
		{ED9675BF-7B28-4CE5-90A8-07CA31384FF5}.Debug|Any CPU.Build.0 = Debug|Any CPU
		{ED9675BF-7B28-4CE5-90A8-07CA31384FF5}.Release|Any CPU.ActiveCfg = Release|Any CPU
		{ED9675BF-7B28-4CE5-90A8-07CA31384FF5}.Release|Any CPU.Build.0 = Release|Any CPU
	EndGlobalSection
	GlobalSection(SolutionProperties) = preSolution
		HideSolutionNode = FALSE
	EndGlobalSection
	GlobalSection(ExtensibilityGlobals) = postSolution
		SolutionGuid = {CF94D4F9-2DF3-4153-9510-F70E43193676}
	EndGlobalSection
EndGlobal
