
Microsoft Visual Studio Solution File, Format Version 12.00
# Visual Studio 15
VisualStudioVersion = 15.0.28010.2050
MinimumVisualStudioVersion = 10.0.40219.1
Project("{FAE04EC0-301F-11D3-BF4B-00C04F79EFBC}") = "DecimaltoBinary", "ConsoleApp1\DecimaltoBinary.csproj", "{22DA8CAB-5927-482C-90E9-A9CA029220A4}"
EndProject
Global
	GlobalSection(SolutionConfigurationPlatforms) = preSolution
		Debug|Any CPU = Debug|Any CPU
		Release|Any CPU = Release|Any CPU
	EndGlobalSection
	GlobalSection(ProjectConfigurationPlatforms) = postSolution
		{22DA8CAB-5927-482C-90E9-A9CA029220A4}.Debug|Any CPU.ActiveCfg = Debug|Any CPU
		{22DA8CAB-5927-482C-90E9-A9CA029220A4}.Debug|Any CPU.Build.0 = Debug|Any CPU
		{22DA8CAB-5927-482C-90E9-A9CA029220A4}.Release|Any CPU.ActiveCfg = Release|Any CPU
		{22DA8CAB-5927-482C-90E9-A9CA029220A4}.Release|Any CPU.Build.0 = Release|Any CPU
	EndGlobalSection
	GlobalSection(SolutionProperties) = preSolution
		HideSolutionNode = FALSE
	EndGlobalSection
	GlobalSection(ExtensibilityGlobals) = postSolution
		SolutionGuid = {75A7B9A3-B86F-49AB-80A9-23019C3F9BC2}
	EndGlobalSection
EndGlobal
