
Microsoft Visual Studio Solution File, Format Version 12.00
# Visual Studio 15
VisualStudioVersion = 15.0.27703.2042
MinimumVisualStudioVersion = 10.0.40219.1
Project("{FAE04EC0-301F-11D3-BF4B-00C04F79EFBC}") = "BubbleSort", "BubbleSort\BubbleSort.csproj", "{E035C7BC-393F-40A0-8C84-218291929F52}"
EndProject
Global
	GlobalSection(SolutionConfigurationPlatforms) = preSolution
		Debug|Any CPU = Debug|Any CPU
		Release|Any CPU = Release|Any CPU
	EndGlobalSection
	GlobalSection(ProjectConfigurationPlatforms) = postSolution
		{E035C7BC-393F-40A0-8C84-218291929F52}.Debug|Any CPU.ActiveCfg = Debug|Any CPU
		{E035C7BC-393F-40A0-8C84-218291929F52}.Debug|Any CPU.Build.0 = Debug|Any CPU
		{E035C7BC-393F-40A0-8C84-218291929F52}.Release|Any CPU.ActiveCfg = Release|Any CPU
		{E035C7BC-393F-40A0-8C84-218291929F52}.Release|Any CPU.Build.0 = Release|Any CPU
	EndGlobalSection
	GlobalSection(SolutionProperties) = preSolution
		HideSolutionNode = FALSE
	EndGlobalSection
	GlobalSection(ExtensibilityGlobals) = postSolution
		SolutionGuid = {22BF9EB7-034A-402E-AF49-308C29D40E0F}
	EndGlobalSection
EndGlobal
