
Microsoft Visual Studio Solution File, Format Version 12.00
# Visual Studio 15
VisualStudioVersion = 15.0.28010.2048
MinimumVisualStudioVersion = 10.0.40219.1
Project("{FAE04EC0-301F-11D3-BF4B-00C04F79EFBC}") = "BinaryToDecimal", "BinaryToDecimal\BinaryToDecimal.csproj", "{445EE241-FCE4-4953-853A-9FDB4AA4BF75}"
EndProject
Global
	GlobalSection(SolutionConfigurationPlatforms) = preSolution
		Debug|Any CPU = Debug|Any CPU
		Release|Any CPU = Release|Any CPU
	EndGlobalSection
	GlobalSection(ProjectConfigurationPlatforms) = postSolution
		{445EE241-FCE4-4953-853A-9FDB4AA4BF75}.Debug|Any CPU.ActiveCfg = Debug|Any CPU
		{445EE241-FCE4-4953-853A-9FDB4AA4BF75}.Debug|Any CPU.Build.0 = Debug|Any CPU
		{445EE241-FCE4-4953-853A-9FDB4AA4BF75}.Release|Any CPU.ActiveCfg = Release|Any CPU
		{445EE241-FCE4-4953-853A-9FDB4AA4BF75}.Release|Any CPU.Build.0 = Release|Any CPU
	EndGlobalSection
	GlobalSection(SolutionProperties) = preSolution
		HideSolutionNode = FALSE
	EndGlobalSection
	GlobalSection(ExtensibilityGlobals) = postSolution
		SolutionGuid = {D9FBAB74-7A8A-465C-829B-5EACCFE63517}
	EndGlobalSection
EndGlobal
