
Microsoft Visual Studio Solution File, Format Version 12.00
# Visual Studio 15
VisualStudioVersion = 15.0.28010.2046
MinimumVisualStudioVersion = 10.0.40219.1
Project("{FAE04EC0-301F-11D3-BF4B-00C04F79EFBC}") = "NumberSystem", "NumberSystem\NumberSystem.csproj", "{8420C31C-0045-4152-953F-E834EDD145B5}"
EndProject
Project("{FAE04EC0-301F-11D3-BF4B-00C04F79EFBC}") = "NumberSystem2", "NumberSystem2\NumberSystem2.csproj", "{C453F12B-5478-4D1E-8839-D5E7949353CA}"
EndProject
Global
	GlobalSection(SolutionConfigurationPlatforms) = preSolution
		Debug|Any CPU = Debug|Any CPU
		Release|Any CPU = Release|Any CPU
	EndGlobalSection
	GlobalSection(ProjectConfigurationPlatforms) = postSolution
		{8420C31C-0045-4152-953F-E834EDD145B5}.Debug|Any CPU.ActiveCfg = Debug|Any CPU
		{8420C31C-0045-4152-953F-E834EDD145B5}.Debug|Any CPU.Build.0 = Debug|Any CPU
		{8420C31C-0045-4152-953F-E834EDD145B5}.Release|Any CPU.ActiveCfg = Release|Any CPU
		{8420C31C-0045-4152-953F-E834EDD145B5}.Release|Any CPU.Build.0 = Release|Any CPU
		{C453F12B-5478-4D1E-8839-D5E7949353CA}.Debug|Any CPU.ActiveCfg = Debug|Any CPU
		{C453F12B-5478-4D1E-8839-D5E7949353CA}.Debug|Any CPU.Build.0 = Debug|Any CPU
		{C453F12B-5478-4D1E-8839-D5E7949353CA}.Release|Any CPU.ActiveCfg = Release|Any CPU
		{C453F12B-5478-4D1E-8839-D5E7949353CA}.Release|Any CPU.Build.0 = Release|Any CPU
	EndGlobalSection
	GlobalSection(SolutionProperties) = preSolution
		HideSolutionNode = FALSE
	EndGlobalSection
	GlobalSection(ExtensibilityGlobals) = postSolution
		SolutionGuid = {6D064ED8-8632-43D4-A8BA-D04279B92FB1}
	EndGlobalSection
EndGlobal
