
Microsoft Visual Studio Solution File, Format Version 11.00
# Visual Studio 2010
Project("{FAE04EC0-301F-11D3-BF4B-00C04F79EFBC}") = "Comparison", "Comparison\Comparison.csproj", "{EB5E1EB4-95B6-4BD6-94D7-1B995B3A70FA}"
EndProject
Global
	GlobalSection(SolutionConfigurationPlatforms) = preSolution
		Debug|x86 = Debug|x86
		Release|x86 = Release|x86
	EndGlobalSection
	GlobalSection(ProjectConfigurationPlatforms) = postSolution
		{EB5E1EB4-95B6-4BD6-94D7-1B995B3A70FA}.Debug|x86.ActiveCfg = Debug|x86
		{EB5E1EB4-95B6-4BD6-94D7-1B995B3A70FA}.Debug|x86.Build.0 = Debug|x86
		{EB5E1EB4-95B6-4BD6-94D7-1B995B3A70FA}.Release|x86.ActiveCfg = Release|x86
		{EB5E1EB4-95B6-4BD6-94D7-1B995B3A70FA}.Release|x86.Build.0 = Release|x86
	EndGlobalSection
	GlobalSection(SolutionProperties) = preSolution
		HideSolutionNode = FALSE
	EndGlobalSection
EndGlobal
