
Microsoft Visual Studio Solution File, Format Version 12.00
# Visual Studio 15
VisualStudioVersion = 15.0.28010.2046
MinimumVisualStudioVersion = 10.0.40219.1
Project("{FAE04EC0-301F-11D3-BF4B-00C04F79EFBC}") = "MergeSort", "MergeSort\MergeSort.csproj", "{7B2CE413-2189-46AF-8862-1F26EC1E5B39}"
EndProject
Global
	GlobalSection(SolutionConfigurationPlatforms) = preSolution
		Debug|Any CPU = Debug|Any CPU
		Release|Any CPU = Release|Any CPU
	EndGlobalSection
	GlobalSection(ProjectConfigurationPlatforms) = postSolution
		{7B2CE413-2189-46AF-8862-1F26EC1E5B39}.Debug|Any CPU.ActiveCfg = Debug|Any CPU
		{7B2CE413-2189-46AF-8862-1F26EC1E5B39}.Debug|Any CPU.Build.0 = Debug|Any CPU
		{7B2CE413-2189-46AF-8862-1F26EC1E5B39}.Release|Any CPU.ActiveCfg = Release|Any CPU
		{7B2CE413-2189-46AF-8862-1F26EC1E5B39}.Release|Any CPU.Build.0 = Release|Any CPU
	EndGlobalSection
	GlobalSection(SolutionProperties) = preSolution
		HideSolutionNode = FALSE
	EndGlobalSection
	GlobalSection(ExtensibilityGlobals) = postSolution
		SolutionGuid = {CA47054F-879B-4DC6-BBDE-1E43A8F9EA6E}
	EndGlobalSection
EndGlobal
