
Microsoft Visual Studio Solution File, Format Version 12.00
# Visual Studio 15
Project("{FAE04EC0-301F-11D3-BF4B-00C04F79EFBC}") = "SortingAlgorithms", "SortingAlgorithms.csproj", "{ABE0E88D-E52C-4FB5-AD83-82EE2100FC0D}"
EndProject
Global
	GlobalSection(SolutionConfigurationPlatforms) = preSolution
		Debug|Any CPU = Debug|Any CPU
		Release|Any CPU = Release|Any CPU
	EndGlobalSection
	GlobalSection(ProjectConfigurationPlatforms) = postSolution
		{ABE0E88D-E52C-4FB5-AD83-82EE2100FC0D}.Debug|Any CPU.ActiveCfg = Debug|Any CPU
		{ABE0E88D-E52C-4FB5-AD83-82EE2100FC0D}.Debug|Any CPU.Build.0 = Debug|Any CPU
		{ABE0E88D-E52C-4FB5-AD83-82EE2100FC0D}.Release|Any CPU.ActiveCfg = Release|Any CPU
		{ABE0E88D-E52C-4FB5-AD83-82EE2100FC0D}.Release|Any CPU.Build.0 = Release|Any CPU
	EndGlobalSection
EndGlobal
