
Microsoft Visual Studio Solution File, Format Version 12.00
# Visual Studio 15
VisualStudioVersion = 15.0.28010.2050
MinimumVisualStudioVersion = 10.0.40219.1
Project("{8BC9CEB8-8B4A-11D0-8D11-00A0C91BC942}") = "CheckForIsomorphismOfGraphs", "CheckForIsomorphismOfGraphs\CheckForIsomorphismOfGraphs.vcxproj", "{1ED24CAB-8CDC-4275-A2AA-050224D44F92}"
EndProject
Global
	GlobalSection(SolutionConfigurationPlatforms) = preSolution
		Debug|x64 = Debug|x64
		Debug|x86 = Debug|x86
		Release|x64 = Release|x64
		Release|x86 = Release|x86
	EndGlobalSection
	GlobalSection(ProjectConfigurationPlatforms) = postSolution
		{1ED24CAB-8CDC-4275-A2AA-050224D44F92}.Debug|x64.ActiveCfg = Debug|x64
		{1ED24CAB-8CDC-4275-A2AA-050224D44F92}.Debug|x64.Build.0 = Debug|x64
		{1ED24CAB-8CDC-4275-A2AA-050224D44F92}.Debug|x86.ActiveCfg = Debug|Win32
		{1ED24CAB-8CDC-4275-A2AA-050224D44F92}.Debug|x86.Build.0 = Debug|Win32
		{1ED24CAB-8CDC-4275-A2AA-050224D44F92}.Release|x64.ActiveCfg = Release|x64
		{1ED24CAB-8CDC-4275-A2AA-050224D44F92}.Release|x64.Build.0 = Release|x64
		{1ED24CAB-8CDC-4275-A2AA-050224D44F92}.Release|x86.ActiveCfg = Release|Win32
		{1ED24CAB-8CDC-4275-A2AA-050224D44F92}.Release|x86.Build.0 = Release|Win32
	EndGlobalSection
	GlobalSection(SolutionProperties) = preSolution
		HideSolutionNode = FALSE
	EndGlobalSection
	GlobalSection(ExtensibilityGlobals) = postSolution
		SolutionGuid = {0D33B759-B1E8-4AE2-853E-8B77C416C89B}
	EndGlobalSection
EndGlobal
