
Microsoft Visual Studio Solution File, Format Version 12.00
# Visual Studio 15
VisualStudioVersion = 15.0.28010.2046
MinimumVisualStudioVersion = 10.0.40219.1
Project("{FAE04EC0-301F-11D3-BF4B-00C04F79EFBC}") = "BinaryToDecimal", "BinaryToDecimal\BinaryToDecimal.csproj", "{1FE4349A-31A0-4310-BE07-3DFDCF088E7D}"
EndProject
Global
	GlobalSection(SolutionConfigurationPlatforms) = preSolution
		Debug|Any CPU = Debug|Any CPU
		Release|Any CPU = Release|Any CPU
	EndGlobalSection
	GlobalSection(ProjectConfigurationPlatforms) = postSolution
		{1FE4349A-31A0-4310-BE07-3DFDCF088E7D}.Debug|Any CPU.ActiveCfg = Debug|Any CPU
		{1FE4349A-31A0-4310-BE07-3DFDCF088E7D}.Debug|Any CPU.Build.0 = Debug|Any CPU
		{1FE4349A-31A0-4310-BE07-3DFDCF088E7D}.Release|Any CPU.ActiveCfg = Release|Any CPU
		{1FE4349A-31A0-4310-BE07-3DFDCF088E7D}.Release|Any CPU.Build.0 = Release|Any CPU
	EndGlobalSection
	GlobalSection(SolutionProperties) = preSolution
		HideSolutionNode = FALSE
	EndGlobalSection
	GlobalSection(ExtensibilityGlobals) = postSolution
		SolutionGuid = {FA28D814-BF8F-48DF-8846-9B27BD76C6C5}
	EndGlobalSection
EndGlobal
