
Microsoft Visual Studio Solution File, Format Version 12.00
# Visual Studio 15
VisualStudioVersion = 15.0.27703.2042
MinimumVisualStudioVersion = 10.0.40219.1
Project("{FAE04EC0-301F-11D3-BF4B-00C04F79EFBC}") = "HelloWorld", "HelloWorld\HelloWorld.csproj", "{B2BF93C6-8602-4B39-BE83-4C498DAC73CB}"
EndProject
Global
	GlobalSection(SolutionConfigurationPlatforms) = preSolution
		Debug|Any CPU = Debug|Any CPU
		Release|Any CPU = Release|Any CPU
	EndGlobalSection
	GlobalSection(ProjectConfigurationPlatforms) = postSolution
		{B2BF93C6-8602-4B39-BE83-4C498DAC73CB}.Debug|Any CPU.ActiveCfg = Debug|Any CPU
		{B2BF93C6-8602-4B39-BE83-4C498DAC73CB}.Debug|Any CPU.Build.0 = Debug|Any CPU
		{B2BF93C6-8602-4B39-BE83-4C498DAC73CB}.Release|Any CPU.ActiveCfg = Release|Any CPU
		{B2BF93C6-8602-4B39-BE83-4C498DAC73CB}.Release|Any CPU.Build.0 = Release|Any CPU
	EndGlobalSection
	GlobalSection(SolutionProperties) = preSolution
		HideSolutionNode = FALSE
	EndGlobalSection
	GlobalSection(ExtensibilityGlobals) = postSolution
		SolutionGuid = {6E723339-0B58-4391-ACF6-AF5B892ABCEB}
	EndGlobalSection
EndGlobal
