
Microsoft Visual Studio Solution File, Format Version 12.00
# Visual Studio 15
VisualStudioVersion = 15.0.28010.2041
MinimumVisualStudioVersion = 10.0.40219.1
Project("{FAE04EC0-301F-11D3-BF4B-00C04F79EFBC}") = "CharSecuenceFinder", "CharSecuenceFinder\CharSecuenceFinder.csproj", "{5DDAC04F-010A-4E6D-BE43-677C7A5BE4F2}"
EndProject
Global
	GlobalSection(SolutionConfigurationPlatforms) = preSolution
		Debug|Any CPU = Debug|Any CPU
		Release|Any CPU = Release|Any CPU
	EndGlobalSection
	GlobalSection(ProjectConfigurationPlatforms) = postSolution
		{5DDAC04F-010A-4E6D-BE43-677C7A5BE4F2}.Debug|Any CPU.ActiveCfg = Debug|Any CPU
		{5DDAC04F-010A-4E6D-BE43-677C7A5BE4F2}.Debug|Any CPU.Build.0 = Debug|Any CPU
		{5DDAC04F-010A-4E6D-BE43-677C7A5BE4F2}.Release|Any CPU.ActiveCfg = Release|Any CPU
		{5DDAC04F-010A-4E6D-BE43-677C7A5BE4F2}.Release|Any CPU.Build.0 = Release|Any CPU
	EndGlobalSection
	GlobalSection(SolutionProperties) = preSolution
		HideSolutionNode = FALSE
	EndGlobalSection
	GlobalSection(ExtensibilityGlobals) = postSolution
		SolutionGuid = {7049E4AA-16D4-45DA-97BF-6CF7F44EB2A7}
	EndGlobalSection
EndGlobal
