
Microsoft Visual Studio Solution File, Format Version 12.00
# Visual Studio 15
VisualStudioVersion = 15.0.28010.2046
MinimumVisualStudioVersion = 10.0.40219.1
Project("{FAE04EC0-301F-11D3-BF4B-00C04F79EFBC}") = "BubbleSort", "BubbleSort\BubbleSort.csproj", "{28D0B773-635E-45F3-9063-8430EA5750FF}"
EndProject
Global
	GlobalSection(SolutionConfigurationPlatforms) = preSolution
		Debug|Any CPU = Debug|Any CPU
		Release|Any CPU = Release|Any CPU
	EndGlobalSection
	GlobalSection(ProjectConfigurationPlatforms) = postSolution
		{28D0B773-635E-45F3-9063-8430EA5750FF}.Debug|Any CPU.ActiveCfg = Debug|Any CPU
		{28D0B773-635E-45F3-9063-8430EA5750FF}.Debug|Any CPU.Build.0 = Debug|Any CPU
		{28D0B773-635E-45F3-9063-8430EA5750FF}.Release|Any CPU.ActiveCfg = Release|Any CPU
		{28D0B773-635E-45F3-9063-8430EA5750FF}.Release|Any CPU.Build.0 = Release|Any CPU
	EndGlobalSection
	GlobalSection(SolutionProperties) = preSolution
		HideSolutionNode = FALSE
	EndGlobalSection
	GlobalSection(ExtensibilityGlobals) = postSolution
		SolutionGuid = {AF383E16-1AA0-4B2C-8377-81D96911AB82}
	EndGlobalSection
EndGlobal
