
Microsoft Visual Studio Solution File, Format Version 12.00
# Visual Studio 15
VisualStudioVersion = 15.0.28124.53
MinimumVisualStudioVersion = 10.0.40219.1
Project("{FAE04EC0-301F-11D3-BF4B-00C04F79EFBC}") = "QuickSortOptimized", "QuickSortOptimized\QuickSortOptimized.csproj", "{177B4B79-D234-45F8-8A5A-138BDD74F008}"
EndProject
Global
	GlobalSection(SolutionConfigurationPlatforms) = preSolution
		Debug|Any CPU = Debug|Any CPU
		Release|Any CPU = Release|Any CPU
	EndGlobalSection
	GlobalSection(ProjectConfigurationPlatforms) = postSolution
		{177B4B79-D234-45F8-8A5A-138BDD74F008}.Debug|Any CPU.ActiveCfg = Debug|Any CPU
		{177B4B79-D234-45F8-8A5A-138BDD74F008}.Debug|Any CPU.Build.0 = Debug|Any CPU
		{177B4B79-D234-45F8-8A5A-138BDD74F008}.Release|Any CPU.ActiveCfg = Release|Any CPU
		{177B4B79-D234-45F8-8A5A-138BDD74F008}.Release|Any CPU.Build.0 = Release|Any CPU
	EndGlobalSection
	GlobalSection(SolutionProperties) = preSolution
		HideSolutionNode = FALSE
	EndGlobalSection
	GlobalSection(ExtensibilityGlobals) = postSolution
		SolutionGuid = {19CDC731-1F72-436A-B8F9-B6468D88559E}
	EndGlobalSection
EndGlobal
