
Microsoft Visual Studio Solution File, Format Version 12.00
# Visual Studio 15
VisualStudioVersion = 15.0.28010.2041
MinimumVisualStudioVersion = 10.0.40219.1
Project("{FAE04EC0-301F-11D3-BF4B-00C04F79EFBC}") = "Polynoms", "Polynoms\Polynoms.csproj", "{6A8B72A1-DAC7-47C7-A32B-1A0B2846F3C7}"
EndProject
Global
	GlobalSection(SolutionConfigurationPlatforms) = preSolution
		Debug|Any CPU = Debug|Any CPU
		Release|Any CPU = Release|Any CPU
	EndGlobalSection
	GlobalSection(ProjectConfigurationPlatforms) = postSolution
		{6A8B72A1-DAC7-47C7-A32B-1A0B2846F3C7}.Debug|Any CPU.ActiveCfg = Debug|Any CPU
		{6A8B72A1-DAC7-47C7-A32B-1A0B2846F3C7}.Debug|Any CPU.Build.0 = Debug|Any CPU
		{6A8B72A1-DAC7-47C7-A32B-1A0B2846F3C7}.Release|Any CPU.ActiveCfg = Release|Any CPU
		{6A8B72A1-DAC7-47C7-A32B-1A0B2846F3C7}.Release|Any CPU.Build.0 = Release|Any CPU
	EndGlobalSection
	GlobalSection(SolutionProperties) = preSolution
		HideSolutionNode = FALSE
	EndGlobalSection
	GlobalSection(ExtensibilityGlobals) = postSolution
		SolutionGuid = {73FA481A-974A-4C76-A757-4D1D80757EE2}
	EndGlobalSection
EndGlobal
