
Microsoft Visual Studio Solution File, Format Version 12.00
# Visual Studio 15
VisualStudioVersion = 15.0.28010.2046
MinimumVisualStudioVersion = 10.0.40219.1
Project("{FAE04EC0-301F-11D3-BF4B-00C04F79EFBC}") = "RecursionDemo", "RecursionDemo\RecursionDemo.csproj", "{12150961-891E-4356-97F2-BF3BCFE3E71D}"
EndProject
Global
	GlobalSection(SolutionConfigurationPlatforms) = preSolution
		Debug|Any CPU = Debug|Any CPU
		Release|Any CPU = Release|Any CPU
	EndGlobalSection
	GlobalSection(ProjectConfigurationPlatforms) = postSolution
		{12150961-891E-4356-97F2-BF3BCFE3E71D}.Debug|Any CPU.ActiveCfg = Debug|Any CPU
		{12150961-891E-4356-97F2-BF3BCFE3E71D}.Debug|Any CPU.Build.0 = Debug|Any CPU
		{12150961-891E-4356-97F2-BF3BCFE3E71D}.Release|Any CPU.ActiveCfg = Release|Any CPU
		{12150961-891E-4356-97F2-BF3BCFE3E71D}.Release|Any CPU.Build.0 = Release|Any CPU
	EndGlobalSection
	GlobalSection(SolutionProperties) = preSolution
		HideSolutionNode = FALSE
	EndGlobalSection
	GlobalSection(ExtensibilityGlobals) = postSolution
		SolutionGuid = {90FF0C18-2432-43EE-A430-E1C28F81BA03}
	EndGlobalSection
EndGlobal
