
Microsoft Visual Studio Solution File, Format Version 12.00
# Visual Studio 15
VisualStudioVersion = 15.0.27703.2042
MinimumVisualStudioVersion = 10.0.40219.1
Project("{FAE04EC0-301F-11D3-BF4B-00C04F79EFBC}") = "RecursionDemo", "RecursionDemo\RecursionDemo.csproj", "{38AAEC78-FB93-4B94-BE08-B49800B67FB7}"
EndProject
Global
	GlobalSection(SolutionConfigurationPlatforms) = preSolution
		Debug|Any CPU = Debug|Any CPU
		Release|Any CPU = Release|Any CPU
	EndGlobalSection
	GlobalSection(ProjectConfigurationPlatforms) = postSolution
		{38AAEC78-FB93-4B94-BE08-B49800B67FB7}.Debug|Any CPU.ActiveCfg = Debug|Any CPU
		{38AAEC78-FB93-4B94-BE08-B49800B67FB7}.Debug|Any CPU.Build.0 = Debug|Any CPU
		{38AAEC78-FB93-4B94-BE08-B49800B67FB7}.Release|Any CPU.ActiveCfg = Release|Any CPU
		{38AAEC78-FB93-4B94-BE08-B49800B67FB7}.Release|Any CPU.Build.0 = Release|Any CPU
	EndGlobalSection
	GlobalSection(SolutionProperties) = preSolution
		HideSolutionNode = FALSE
	EndGlobalSection
	GlobalSection(ExtensibilityGlobals) = postSolution
		SolutionGuid = {775A9E31-FC27-4464-B543-06120B7CF504}
	EndGlobalSection
EndGlobal
