
Microsoft Visual Studio Solution File, Format Version 12.00
# Visual Studio 15
VisualStudioVersion = 15.0.28010.2046
MinimumVisualStudioVersion = 10.0.40219.1
Project("{FAE04EC0-301F-11D3-BF4B-00C04F79EFBC}") = "CircularList", "CircularList\CircularList.csproj", "{7E2C9111-DC41-4C99-9C87-3174D835EC3F}"
EndProject
Global
	GlobalSection(SolutionConfigurationPlatforms) = preSolution
		Debug|Any CPU = Debug|Any CPU
		Release|Any CPU = Release|Any CPU
	EndGlobalSection
	GlobalSection(ProjectConfigurationPlatforms) = postSolution
		{7E2C9111-DC41-4C99-9C87-3174D835EC3F}.Debug|Any CPU.ActiveCfg = Debug|Any CPU
		{7E2C9111-DC41-4C99-9C87-3174D835EC3F}.Debug|Any CPU.Build.0 = Debug|Any CPU
		{7E2C9111-DC41-4C99-9C87-3174D835EC3F}.Release|Any CPU.ActiveCfg = Release|Any CPU
		{7E2C9111-DC41-4C99-9C87-3174D835EC3F}.Release|Any CPU.Build.0 = Release|Any CPU
	EndGlobalSection
	GlobalSection(SolutionProperties) = preSolution
		HideSolutionNode = FALSE
	EndGlobalSection
	GlobalSection(ExtensibilityGlobals) = postSolution
		SolutionGuid = {465CA6F0-8A0F-44D1-B63A-61DEAB2B782D}
	EndGlobalSection
EndGlobal
