
Microsoft Visual Studio Solution File, Format Version 12.00
# Visual Studio 15
VisualStudioVersion = 15.0.28010.2003
MinimumVisualStudioVersion = 10.0.40219.1
Project("{FAE04EC0-301F-11D3-BF4B-00C04F79EFBC}") = "QuickSortOptimized", "QuickSortOptimized\QuickSortOptimized.csproj", "{25773483-C245-46A1-9A3A-BAD3A5F15E02}"
EndProject
Global
	GlobalSection(SolutionConfigurationPlatforms) = preSolution
		Debug|Any CPU = Debug|Any CPU
		Release|Any CPU = Release|Any CPU
	EndGlobalSection
	GlobalSection(ProjectConfigurationPlatforms) = postSolution
		{25773483-C245-46A1-9A3A-BAD3A5F15E02}.Debug|Any CPU.ActiveCfg = Debug|Any CPU
		{25773483-C245-46A1-9A3A-BAD3A5F15E02}.Debug|Any CPU.Build.0 = Debug|Any CPU
		{25773483-C245-46A1-9A3A-BAD3A5F15E02}.Release|Any CPU.ActiveCfg = Release|Any CPU
		{25773483-C245-46A1-9A3A-BAD3A5F15E02}.Release|Any CPU.Build.0 = Release|Any CPU
	EndGlobalSection
	GlobalSection(SolutionProperties) = preSolution
		HideSolutionNode = FALSE
	EndGlobalSection
	GlobalSection(ExtensibilityGlobals) = postSolution
		SolutionGuid = {73B0C0D5-2DF5-41E6-A362-0262CEC2E92B}
	EndGlobalSection
EndGlobal
