
Microsoft Visual Studio Solution File, Format Version 12.00
# Visual Studio 15
VisualStudioVersion = 15.0.27703.2042
MinimumVisualStudioVersion = 10.0.40219.1
Project("{FAE04EC0-301F-11D3-BF4B-00C04F79EFBC}") = "BinaryToDecimal", "BinaryToDecimal\BinaryToDecimal.csproj", "{EB7ABC65-0C25-43DF-A7F9-C3E2708400AB}"
EndProject
Global
	GlobalSection(SolutionConfigurationPlatforms) = preSolution
		Debug|Any CPU = Debug|Any CPU
		Release|Any CPU = Release|Any CPU
	EndGlobalSection
	GlobalSection(ProjectConfigurationPlatforms) = postSolution
		{EB7ABC65-0C25-43DF-A7F9-C3E2708400AB}.Debug|Any CPU.ActiveCfg = Debug|Any CPU
		{EB7ABC65-0C25-43DF-A7F9-C3E2708400AB}.Debug|Any CPU.Build.0 = Debug|Any CPU
		{EB7ABC65-0C25-43DF-A7F9-C3E2708400AB}.Release|Any CPU.ActiveCfg = Release|Any CPU
		{EB7ABC65-0C25-43DF-A7F9-C3E2708400AB}.Release|Any CPU.Build.0 = Release|Any CPU
	EndGlobalSection
	GlobalSection(SolutionProperties) = preSolution
		HideSolutionNode = FALSE
	EndGlobalSection
	GlobalSection(ExtensibilityGlobals) = postSolution
		SolutionGuid = {3E26C803-698F-4E5F-B7F3-938515E09832}
	EndGlobalSection
EndGlobal
