
Microsoft Visual Studio Solution File, Format Version 12.00
# Visual Studio 15
VisualStudioVersion = 15.0.28010.2041
MinimumVisualStudioVersion = 10.0.40219.1
Project("{FAE04EC0-301F-11D3-BF4B-00C04F79EFBC}") = "SearchInAString", "SearchInAString\SearchInAString.csproj", "{4C2450BF-54B8-4B20-A0EC-BF16637BA804}"
EndProject
Global
	GlobalSection(SolutionConfigurationPlatforms) = preSolution
		Debug|Any CPU = Debug|Any CPU
		Release|Any CPU = Release|Any CPU
	EndGlobalSection
	GlobalSection(ProjectConfigurationPlatforms) = postSolution
		{4C2450BF-54B8-4B20-A0EC-BF16637BA804}.Debug|Any CPU.ActiveCfg = Debug|Any CPU
		{4C2450BF-54B8-4B20-A0EC-BF16637BA804}.Debug|Any CPU.Build.0 = Debug|Any CPU
		{4C2450BF-54B8-4B20-A0EC-BF16637BA804}.Release|Any CPU.ActiveCfg = Release|Any CPU
		{4C2450BF-54B8-4B20-A0EC-BF16637BA804}.Release|Any CPU.Build.0 = Release|Any CPU
	EndGlobalSection
	GlobalSection(SolutionProperties) = preSolution
		HideSolutionNode = FALSE
	EndGlobalSection
	GlobalSection(ExtensibilityGlobals) = postSolution
		SolutionGuid = {D4B764E4-454E-4C14-84FA-E497AD581A19}
	EndGlobalSection
EndGlobal
