
Microsoft Visual Studio Solution File, Format Version 12.00
# Visual Studio 15
VisualStudioVersion = 15.0.27703.2042
MinimumVisualStudioVersion = 10.0.40219.1
Project("{FAE04EC0-301F-11D3-BF4B-00C04F79EFBC}") = "HelloWorld", "HelloWorld\HelloWorld.csproj", "{CCD913C5-558C-4C76-B08A-E7C6EC989DEC}"
EndProject
Global
	GlobalSection(SolutionConfigurationPlatforms) = preSolution
		Debug|Any CPU = Debug|Any CPU
		Release|Any CPU = Release|Any CPU
	EndGlobalSection
	GlobalSection(ProjectConfigurationPlatforms) = postSolution
		{CCD913C5-558C-4C76-B08A-E7C6EC989DEC}.Debug|Any CPU.ActiveCfg = Debug|Any CPU
		{CCD913C5-558C-4C76-B08A-E7C6EC989DEC}.Debug|Any CPU.Build.0 = Debug|Any CPU
		{CCD913C5-558C-4C76-B08A-E7C6EC989DEC}.Release|Any CPU.ActiveCfg = Release|Any CPU
		{CCD913C5-558C-4C76-B08A-E7C6EC989DEC}.Release|Any CPU.Build.0 = Release|Any CPU
	EndGlobalSection
	GlobalSection(SolutionProperties) = preSolution
		HideSolutionNode = FALSE
	EndGlobalSection
	GlobalSection(ExtensibilityGlobals) = postSolution
		SolutionGuid = {9458D1D2-DC47-4C42-A19E-D904B20C7D87}
	EndGlobalSection
EndGlobal
