
Microsoft Visual Studio Solution File, Format Version 12.00
# Visual Studio 15
VisualStudioVersion = 15.0.27703.2042
MinimumVisualStudioVersion = 10.0.40219.1
Project("{FAE04EC0-301F-11D3-BF4B-00C04F79EFBC}") = "DedimalToBinary", "DedimalToBinary\DedimalToBinary.csproj", "{77F12782-0D37-49DF-B488-DEE0DDEA3020}"
EndProject
Global
	GlobalSection(SolutionConfigurationPlatforms) = preSolution
		Debug|Any CPU = Debug|Any CPU
		Release|Any CPU = Release|Any CPU
	EndGlobalSection
	GlobalSection(ProjectConfigurationPlatforms) = postSolution
		{77F12782-0D37-49DF-B488-DEE0DDEA3020}.Debug|Any CPU.ActiveCfg = Debug|Any CPU
		{77F12782-0D37-49DF-B488-DEE0DDEA3020}.Debug|Any CPU.Build.0 = Debug|Any CPU
		{77F12782-0D37-49DF-B488-DEE0DDEA3020}.Release|Any CPU.ActiveCfg = Release|Any CPU
		{77F12782-0D37-49DF-B488-DEE0DDEA3020}.Release|Any CPU.Build.0 = Release|Any CPU
	EndGlobalSection
	GlobalSection(SolutionProperties) = preSolution
		HideSolutionNode = FALSE
	EndGlobalSection
	GlobalSection(ExtensibilityGlobals) = postSolution
		SolutionGuid = {58A32A7C-4578-496E-8EBC-D32A303FB432}
	EndGlobalSection
EndGlobal
