
Microsoft Visual Studio Solution File, Format Version 12.00
# Visual Studio 15
VisualStudioVersion = 15.0.28010.2050
MinimumVisualStudioVersion = 10.0.40219.1
Project("{8BC9CEB8-8B4A-11D0-8D11-00A0C91BC942}") = "kSmallestElement", "kSmallestElement\kSmallestElement.vcxproj", "{698496C1-2953-4B80-8DFF-A4FAE4F69D09}"
EndProject
Global
	GlobalSection(SolutionConfigurationPlatforms) = preSolution
		Debug|x64 = Debug|x64
		Debug|x86 = Debug|x86
		Release|x64 = Release|x64
		Release|x86 = Release|x86
	EndGlobalSection
	GlobalSection(ProjectConfigurationPlatforms) = postSolution
		{698496C1-2953-4B80-8DFF-A4FAE4F69D09}.Debug|x64.ActiveCfg = Debug|x64
		{698496C1-2953-4B80-8DFF-A4FAE4F69D09}.Debug|x64.Build.0 = Debug|x64
		{698496C1-2953-4B80-8DFF-A4FAE4F69D09}.Debug|x86.ActiveCfg = Debug|Win32
		{698496C1-2953-4B80-8DFF-A4FAE4F69D09}.Debug|x86.Build.0 = Debug|Win32
		{698496C1-2953-4B80-8DFF-A4FAE4F69D09}.Release|x64.ActiveCfg = Release|x64
		{698496C1-2953-4B80-8DFF-A4FAE4F69D09}.Release|x64.Build.0 = Release|x64
		{698496C1-2953-4B80-8DFF-A4FAE4F69D09}.Release|x86.ActiveCfg = Release|Win32
		{698496C1-2953-4B80-8DFF-A4FAE4F69D09}.Release|x86.Build.0 = Release|Win32
	EndGlobalSection
	GlobalSection(SolutionProperties) = preSolution
		HideSolutionNode = FALSE
	EndGlobalSection
	GlobalSection(ExtensibilityGlobals) = postSolution
		SolutionGuid = {4D46AC99-AEE1-4307-8E94-C88048873329}
	EndGlobalSection
EndGlobal
