
Microsoft Visual Studio Solution File, Format Version 11.00
# Visual Studio 2010
Project("{FAE04EC0-301F-11D3-BF4B-00C04F79EFBC}") = "Tree2", "Tree2\Tree2.csproj", "{D401F84E-C21C-4F00-991D-FB868B6AB2AE}"
EndProject
Global
	GlobalSection(SolutionConfigurationPlatforms) = preSolution
		Debug|x86 = Debug|x86
		Release|x86 = Release|x86
	EndGlobalSection
	GlobalSection(ProjectConfigurationPlatforms) = postSolution
		{D401F84E-C21C-4F00-991D-FB868B6AB2AE}.Debug|x86.ActiveCfg = Debug|x86
		{D401F84E-C21C-4F00-991D-FB868B6AB2AE}.Debug|x86.Build.0 = Debug|x86
		{D401F84E-C21C-4F00-991D-FB868B6AB2AE}.Release|x86.ActiveCfg = Release|x86
		{D401F84E-C21C-4F00-991D-FB868B6AB2AE}.Release|x86.Build.0 = Release|x86
	EndGlobalSection
	GlobalSection(SolutionProperties) = preSolution
		HideSolutionNode = FALSE
	EndGlobalSection
EndGlobal
