
Microsoft Visual Studio Solution File, Format Version 12.00
# Visual Studio 15
VisualStudioVersion = 15.0.28010.2046
MinimumVisualStudioVersion = 10.0.40219.1
Project("{FAE04EC0-301F-11D3-BF4B-00C04F79EFBC}") = "decimal to binary", "decimal to binary\decimal to binary.csproj", "{2B12EE6E-C65F-4550-9C95-4E477DF014B3}"
EndProject
Global
	GlobalSection(SolutionConfigurationPlatforms) = preSolution
		Debug|Any CPU = Debug|Any CPU
		Release|Any CPU = Release|Any CPU
	EndGlobalSection
	GlobalSection(ProjectConfigurationPlatforms) = postSolution
		{2B12EE6E-C65F-4550-9C95-4E477DF014B3}.Debug|Any CPU.ActiveCfg = Debug|Any CPU
		{2B12EE6E-C65F-4550-9C95-4E477DF014B3}.Debug|Any CPU.Build.0 = Debug|Any CPU
		{2B12EE6E-C65F-4550-9C95-4E477DF014B3}.Release|Any CPU.ActiveCfg = Release|Any CPU
		{2B12EE6E-C65F-4550-9C95-4E477DF014B3}.Release|Any CPU.Build.0 = Release|Any CPU
	EndGlobalSection
	GlobalSection(SolutionProperties) = preSolution
		HideSolutionNode = FALSE
	EndGlobalSection
	GlobalSection(ExtensibilityGlobals) = postSolution
		SolutionGuid = {10A5970E-701D-4DA7-BC5E-404C748041B7}
	EndGlobalSection
EndGlobal
