
Microsoft Visual Studio Solution File, Format Version 12.00
# Visual Studio 15
VisualStudioVersion = 15.0.28307.102
MinimumVisualStudioVersion = 10.0.40219.1
Project("{FAE04EC0-301F-11D3-BF4B-00C04F79EFBC}") = "HomeWork 6.55", "HomeWork 6.55\HomeWork 6.55.csproj", "{46DE93EF-9406-4B00-B710-5A9ED630DF92}"
EndProject
Global
	GlobalSection(SolutionConfigurationPlatforms) = preSolution
		Debug|Any CPU = Debug|Any CPU
		Release|Any CPU = Release|Any CPU
	EndGlobalSection
	GlobalSection(ProjectConfigurationPlatforms) = postSolution
		{46DE93EF-9406-4B00-B710-5A9ED630DF92}.Debug|Any CPU.ActiveCfg = Debug|Any CPU
		{46DE93EF-9406-4B00-B710-5A9ED630DF92}.Debug|Any CPU.Build.0 = Debug|Any CPU
		{46DE93EF-9406-4B00-B710-5A9ED630DF92}.Release|Any CPU.ActiveCfg = Release|Any CPU
		{46DE93EF-9406-4B00-B710-5A9ED630DF92}.Release|Any CPU.Build.0 = Release|Any CPU
	EndGlobalSection
	GlobalSection(SolutionProperties) = preSolution
		HideSolutionNode = FALSE
	EndGlobalSection
	GlobalSection(ExtensibilityGlobals) = postSolution
		SolutionGuid = {462F2FF3-2D3E-4CAA-A2BA-96D78B897933}
	EndGlobalSection
EndGlobal
