
Microsoft Visual Studio Solution File, Format Version 12.00
# Visual Studio 15
VisualStudioVersion = 15.0.28010.2048
MinimumVisualStudioVersion = 10.0.40219.1
Project("{FAE04EC0-301F-11D3-BF4B-00C04F79EFBC}") = "SearchString", "SearchString\SearchString.csproj", "{6E4BF460-6906-4ABE-9FDA-EDD7A17B6A2A}"
EndProject
Global
	GlobalSection(SolutionConfigurationPlatforms) = preSolution
		Debug|Any CPU = Debug|Any CPU
		Release|Any CPU = Release|Any CPU
	EndGlobalSection
	GlobalSection(ProjectConfigurationPlatforms) = postSolution
		{6E4BF460-6906-4ABE-9FDA-EDD7A17B6A2A}.Debug|Any CPU.ActiveCfg = Debug|Any CPU
		{6E4BF460-6906-4ABE-9FDA-EDD7A17B6A2A}.Debug|Any CPU.Build.0 = Debug|Any CPU
		{6E4BF460-6906-4ABE-9FDA-EDD7A17B6A2A}.Release|Any CPU.ActiveCfg = Release|Any CPU
		{6E4BF460-6906-4ABE-9FDA-EDD7A17B6A2A}.Release|Any CPU.Build.0 = Release|Any CPU
	EndGlobalSection
	GlobalSection(SolutionProperties) = preSolution
		HideSolutionNode = FALSE
	EndGlobalSection
	GlobalSection(ExtensibilityGlobals) = postSolution
		SolutionGuid = {114D9B74-FCA2-47D8-A33E-E1A9DC3ABC17}
	EndGlobalSection
EndGlobal
