
Microsoft Visual Studio Solution File, Format Version 12.00
# Visual Studio 15
VisualStudioVersion = 15.0.28010.2041
MinimumVisualStudioVersion = 10.0.40219.1
Project("{FAE04EC0-301F-11D3-BF4B-00C04F79EFBC}") = "MinimumSteps", "MinimumSteps\MinimumSteps.csproj", "{4720C95D-8FF7-4A78-8000-27A2062B46C4}"
EndProject
Global
	GlobalSection(SolutionConfigurationPlatforms) = preSolution
		Debug|Any CPU = Debug|Any CPU
		Release|Any CPU = Release|Any CPU
	EndGlobalSection
	GlobalSection(ProjectConfigurationPlatforms) = postSolution
		{4720C95D-8FF7-4A78-8000-27A2062B46C4}.Debug|Any CPU.ActiveCfg = Debug|Any CPU
		{4720C95D-8FF7-4A78-8000-27A2062B46C4}.Debug|Any CPU.Build.0 = Debug|Any CPU
		{4720C95D-8FF7-4A78-8000-27A2062B46C4}.Release|Any CPU.ActiveCfg = Release|Any CPU
		{4720C95D-8FF7-4A78-8000-27A2062B46C4}.Release|Any CPU.Build.0 = Release|Any CPU
	EndGlobalSection
	GlobalSection(SolutionProperties) = preSolution
		HideSolutionNode = FALSE
	EndGlobalSection
	GlobalSection(ExtensibilityGlobals) = postSolution
		SolutionGuid = {F955F622-0C6B-47CF-A7A5-17A4DA4FFCAC}
	EndGlobalSection
EndGlobal
