
Microsoft Visual Studio Solution File, Format Version 12.00
# Visual Studio 15
VisualStudioVersion = 15.0.28010.2046
MinimumVisualStudioVersion = 10.0.40219.1
Project("{FAE04EC0-301F-11D3-BF4B-00C04F79EFBC}") = "AllElementsByKey", "AllElementsByKey\AllElementsByKey.csproj", "{1900EF58-5BC6-4D55-A253-9A070CD6064E}"
EndProject
Global
	GlobalSection(SolutionConfigurationPlatforms) = preSolution
		Debug|Any CPU = Debug|Any CPU
		Release|Any CPU = Release|Any CPU
	EndGlobalSection
	GlobalSection(ProjectConfigurationPlatforms) = postSolution
		{1900EF58-5BC6-4D55-A253-9A070CD6064E}.Debug|Any CPU.ActiveCfg = Debug|Any CPU
		{1900EF58-5BC6-4D55-A253-9A070CD6064E}.Debug|Any CPU.Build.0 = Debug|Any CPU
		{1900EF58-5BC6-4D55-A253-9A070CD6064E}.Release|Any CPU.ActiveCfg = Release|Any CPU
		{1900EF58-5BC6-4D55-A253-9A070CD6064E}.Release|Any CPU.Build.0 = Release|Any CPU
	EndGlobalSection
	GlobalSection(SolutionProperties) = preSolution
		HideSolutionNode = FALSE
	EndGlobalSection
	GlobalSection(ExtensibilityGlobals) = postSolution
		SolutionGuid = {06DC2DC8-C2A4-4D50-A571-1019D14E45EF}
	EndGlobalSection
EndGlobal
