
Microsoft Visual Studio Solution File, Format Version 12.00
# Visual Studio 15
VisualStudioVersion = 15.0.28010.2050
MinimumVisualStudioVersion = 10.0.40219.1
Project("{FAE04EC0-301F-11D3-BF4B-00C04F79EFBC}") = "ConsoleApp1", "ConsoleApp1\ConsoleApp1.csproj", "{FF48E201-0DAD-4743-9EA6-60D19DE8D66A}"
EndProject
Global
	GlobalSection(SolutionConfigurationPlatforms) = preSolution
		Debug|Any CPU = Debug|Any CPU
		Release|Any CPU = Release|Any CPU
	EndGlobalSection
	GlobalSection(ProjectConfigurationPlatforms) = postSolution
		{FF48E201-0DAD-4743-9EA6-60D19DE8D66A}.Debug|Any CPU.ActiveCfg = Debug|Any CPU
		{FF48E201-0DAD-4743-9EA6-60D19DE8D66A}.Debug|Any CPU.Build.0 = Debug|Any CPU
		{FF48E201-0DAD-4743-9EA6-60D19DE8D66A}.Release|Any CPU.ActiveCfg = Release|Any CPU
		{FF48E201-0DAD-4743-9EA6-60D19DE8D66A}.Release|Any CPU.Build.0 = Release|Any CPU
	EndGlobalSection
	GlobalSection(SolutionProperties) = preSolution
		HideSolutionNode = FALSE
	EndGlobalSection
	GlobalSection(ExtensibilityGlobals) = postSolution
		SolutionGuid = {5E4C575F-317E-4429-A433-71AF45781987}
	EndGlobalSection
EndGlobal
