
Microsoft Visual Studio Solution File, Format Version 12.00
# Visual Studio 15
VisualStudioVersion = 15.0.28010.2003
MinimumVisualStudioVersion = 10.0.40219.1
Project("{FAE04EC0-301F-11D3-BF4B-00C04F79EFBC}") = "SortingComparison", "SortingComparison\SortingComparison.csproj", "{AE134DB3-DA66-49E2-94A9-855EBD96A986}"
EndProject
Global
	GlobalSection(SolutionConfigurationPlatforms) = preSolution
		Debug|Any CPU = Debug|Any CPU
		Release|Any CPU = Release|Any CPU
	EndGlobalSection
	GlobalSection(ProjectConfigurationPlatforms) = postSolution
		{AE134DB3-DA66-49E2-94A9-855EBD96A986}.Debug|Any CPU.ActiveCfg = Debug|Any CPU
		{AE134DB3-DA66-49E2-94A9-855EBD96A986}.Debug|Any CPU.Build.0 = Debug|Any CPU
		{AE134DB3-DA66-49E2-94A9-855EBD96A986}.Release|Any CPU.ActiveCfg = Release|Any CPU
		{AE134DB3-DA66-49E2-94A9-855EBD96A986}.Release|Any CPU.Build.0 = Release|Any CPU
	EndGlobalSection
	GlobalSection(SolutionProperties) = preSolution
		HideSolutionNode = FALSE
	EndGlobalSection
	GlobalSection(ExtensibilityGlobals) = postSolution
		SolutionGuid = {CC60BCC9-9E93-45E9-8E3D-658FB2F6397B}
	EndGlobalSection
EndGlobal
