
Microsoft Visual Studio Solution File, Format Version 12.00
# Visual Studio 15
VisualStudioVersion = 15.0.28307.136
MinimumVisualStudioVersion = 10.0.40219.1
Project("{FAE04EC0-301F-11D3-BF4B-00C04F79EFBC}") = "ConvexHull", "ConvexHull\ConvexHull.csproj", "{894F0018-B88D-412E-8757-8CD777928DDE}"
EndProject
Global
	GlobalSection(SolutionConfigurationPlatforms) = preSolution
		Debug|Any CPU = Debug|Any CPU
		Release|Any CPU = Release|Any CPU
	EndGlobalSection
	GlobalSection(ProjectConfigurationPlatforms) = postSolution
		{894F0018-B88D-412E-8757-8CD777928DDE}.Debug|Any CPU.ActiveCfg = Debug|Any CPU
		{894F0018-B88D-412E-8757-8CD777928DDE}.Debug|Any CPU.Build.0 = Debug|Any CPU
		{894F0018-B88D-412E-8757-8CD777928DDE}.Release|Any CPU.ActiveCfg = Release|Any CPU
		{894F0018-B88D-412E-8757-8CD777928DDE}.Release|Any CPU.Build.0 = Release|Any CPU
	EndGlobalSection
	GlobalSection(SolutionProperties) = preSolution
		HideSolutionNode = FALSE
	EndGlobalSection
	GlobalSection(ExtensibilityGlobals) = postSolution
		SolutionGuid = {95A6A8EE-402B-4916-8AE1-6DBD239F2BB2}
	EndGlobalSection
EndGlobal
