
Microsoft Visual Studio Solution File, Format Version 12.00
# Visual Studio 15
VisualStudioVersion = 15.0.28010.2046
MinimumVisualStudioVersion = 10.0.40219.1
Project("{8BC9CEB8-8B4A-11D0-8D11-00A0C91BC942}") = "DoublyLinkedList", "DoublyLinkedList\DoublyLinkedList.vcxproj", "{6F71C646-5BA0-4994-99BB-564B4CA6ADB0}"
EndProject
Global
	GlobalSection(SolutionConfigurationPlatforms) = preSolution
		Debug|x64 = Debug|x64
		Debug|x86 = Debug|x86
		Release|x64 = Release|x64
		Release|x86 = Release|x86
	EndGlobalSection
	GlobalSection(ProjectConfigurationPlatforms) = postSolution
		{6F71C646-5BA0-4994-99BB-564B4CA6ADB0}.Debug|x64.ActiveCfg = Debug|x64
		{6F71C646-5BA0-4994-99BB-564B4CA6ADB0}.Debug|x64.Build.0 = Debug|x64
		{6F71C646-5BA0-4994-99BB-564B4CA6ADB0}.Debug|x86.ActiveCfg = Debug|Win32
		{6F71C646-5BA0-4994-99BB-564B4CA6ADB0}.Debug|x86.Build.0 = Debug|Win32
		{6F71C646-5BA0-4994-99BB-564B4CA6ADB0}.Release|x64.ActiveCfg = Release|x64
		{6F71C646-5BA0-4994-99BB-564B4CA6ADB0}.Release|x64.Build.0 = Release|x64
		{6F71C646-5BA0-4994-99BB-564B4CA6ADB0}.Release|x86.ActiveCfg = Release|Win32
		{6F71C646-5BA0-4994-99BB-564B4CA6ADB0}.Release|x86.Build.0 = Release|Win32
	EndGlobalSection
	GlobalSection(SolutionProperties) = preSolution
		HideSolutionNode = FALSE
	EndGlobalSection
	GlobalSection(ExtensibilityGlobals) = postSolution
		SolutionGuid = {8BBD33B6-644E-4492-88E3-8A89A6CB61B5}
	EndGlobalSection
EndGlobal
