
Microsoft Visual Studio Solution File, Format Version 12.00
# Visual Studio 15
VisualStudioVersion = 15.0.28010.2048
MinimumVisualStudioVersion = 10.0.40219.1
Project("{FAE04EC0-301F-11D3-BF4B-00C04F79EFBC}") = "ClosestPoints", "ClosestPoints\ClosestPoints.csproj", "{FDFE7459-E10C-4760-8C8F-1F447899E22B}"
EndProject
Global
	GlobalSection(SolutionConfigurationPlatforms) = preSolution
		Debug|Any CPU = Debug|Any CPU
		Release|Any CPU = Release|Any CPU
	EndGlobalSection
	GlobalSection(ProjectConfigurationPlatforms) = postSolution
		{FDFE7459-E10C-4760-8C8F-1F447899E22B}.Debug|Any CPU.ActiveCfg = Debug|Any CPU
		{FDFE7459-E10C-4760-8C8F-1F447899E22B}.Debug|Any CPU.Build.0 = Debug|Any CPU
		{FDFE7459-E10C-4760-8C8F-1F447899E22B}.Release|Any CPU.ActiveCfg = Release|Any CPU
		{FDFE7459-E10C-4760-8C8F-1F447899E22B}.Release|Any CPU.Build.0 = Release|Any CPU
	EndGlobalSection
	GlobalSection(SolutionProperties) = preSolution
		HideSolutionNode = FALSE
	EndGlobalSection
	GlobalSection(ExtensibilityGlobals) = postSolution
		SolutionGuid = {74E91D90-01A3-4C92-AA96-5F467383F781}
	EndGlobalSection
EndGlobal
