
Microsoft Visual Studio Solution File, Format Version 12.00
# Visual Studio 15
VisualStudioVersion = 15.0.27703.2035
MinimumVisualStudioVersion = 10.0.40219.1
Project("{FAE04EC0-301F-11D3-BF4B-00C04F79EFBC}") = "QuickSort", "QuickSort\QuickSort.csproj", "{68457230-8F54-497D-8BFD-15306D79046D}"
EndProject
Global
	GlobalSection(SolutionConfigurationPlatforms) = preSolution
		Debug|Any CPU = Debug|Any CPU
		Release|Any CPU = Release|Any CPU
	EndGlobalSection
	GlobalSection(ProjectConfigurationPlatforms) = postSolution
		{68457230-8F54-497D-8BFD-15306D79046D}.Debug|Any CPU.ActiveCfg = Debug|Any CPU
		{68457230-8F54-497D-8BFD-15306D79046D}.Debug|Any CPU.Build.0 = Debug|Any CPU
		{68457230-8F54-497D-8BFD-15306D79046D}.Release|Any CPU.ActiveCfg = Release|Any CPU
		{68457230-8F54-497D-8BFD-15306D79046D}.Release|Any CPU.Build.0 = Release|Any CPU
	EndGlobalSection
	GlobalSection(SolutionProperties) = preSolution
		HideSolutionNode = FALSE
	EndGlobalSection
	GlobalSection(ExtensibilityGlobals) = postSolution
		SolutionGuid = {BA9CB68B-F2DC-48D9-A9CB-9574E640BA97}
	EndGlobalSection
EndGlobal
