
Microsoft Visual Studio Solution File, Format Version 12.00
# Visual Studio 15
VisualStudioVersion = 15.0.27703.2042
MinimumVisualStudioVersion = 10.0.40219.1
Project("{FAE04EC0-301F-11D3-BF4B-00C04F79EFBC}") = "BubbleSort", "BubbleSort\BubbleSort.csproj", "{B4A3174A-886F-4B3A-AAF0-15490285212C}"
EndProject
Global
	GlobalSection(SolutionConfigurationPlatforms) = preSolution
		Debug|Any CPU = Debug|Any CPU
		Release|Any CPU = Release|Any CPU
	EndGlobalSection
	GlobalSection(ProjectConfigurationPlatforms) = postSolution
		{B4A3174A-886F-4B3A-AAF0-15490285212C}.Debug|Any CPU.ActiveCfg = Debug|Any CPU
		{B4A3174A-886F-4B3A-AAF0-15490285212C}.Debug|Any CPU.Build.0 = Debug|Any CPU
		{B4A3174A-886F-4B3A-AAF0-15490285212C}.Release|Any CPU.ActiveCfg = Release|Any CPU
		{B4A3174A-886F-4B3A-AAF0-15490285212C}.Release|Any CPU.Build.0 = Release|Any CPU
	EndGlobalSection
	GlobalSection(SolutionProperties) = preSolution
		HideSolutionNode = FALSE
	EndGlobalSection
	GlobalSection(ExtensibilityGlobals) = postSolution
		SolutionGuid = {D00D3F64-E535-4FF9-9CDE-2B4EAD678EB5}
	EndGlobalSection
EndGlobal
