
Microsoft Visual Studio Solution File, Format Version 12.00
# Visual Studio 15
VisualStudioVersion = 15.0.28010.2046
MinimumVisualStudioVersion = 10.0.40219.1
Project("{FAE04EC0-301F-11D3-BF4B-00C04F79EFBC}") = "selection sort", "selection sort\selection sort.csproj", "{6FB7F0C7-983F-460F-A96F-A73835B6B476}"
EndProject
Global
	GlobalSection(SolutionConfigurationPlatforms) = preSolution
		Debug|Any CPU = Debug|Any CPU
		Release|Any CPU = Release|Any CPU
	EndGlobalSection
	GlobalSection(ProjectConfigurationPlatforms) = postSolution
		{6FB7F0C7-983F-460F-A96F-A73835B6B476}.Debug|Any CPU.ActiveCfg = Debug|Any CPU
		{6FB7F0C7-983F-460F-A96F-A73835B6B476}.Debug|Any CPU.Build.0 = Debug|Any CPU
		{6FB7F0C7-983F-460F-A96F-A73835B6B476}.Release|Any CPU.ActiveCfg = Release|Any CPU
		{6FB7F0C7-983F-460F-A96F-A73835B6B476}.Release|Any CPU.Build.0 = Release|Any CPU
	EndGlobalSection
	GlobalSection(SolutionProperties) = preSolution
		HideSolutionNode = FALSE
	EndGlobalSection
	GlobalSection(ExtensibilityGlobals) = postSolution
		SolutionGuid = {B1EB7C5C-8B15-46C2-A452-5FEBE1921FF1}
	EndGlobalSection
EndGlobal
