
Microsoft Visual Studio Solution File, Format Version 12.00
# Visual Studio 15
VisualStudioVersion = 15.0.28010.2048
MinimumVisualStudioVersion = 10.0.40219.1
Project("{FAE04EC0-301F-11D3-BF4B-00C04F79EFBC}") = "ComparingQuickSorts", "ComparingQuickSorts\ComparingQuickSorts.csproj", "{16E82DB2-9104-4142-B04A-E6FA76CFF30E}"
EndProject
Global
	GlobalSection(SolutionConfigurationPlatforms) = preSolution
		Debug|Any CPU = Debug|Any CPU
		Release|Any CPU = Release|Any CPU
	EndGlobalSection
	GlobalSection(ProjectConfigurationPlatforms) = postSolution
		{16E82DB2-9104-4142-B04A-E6FA76CFF30E}.Debug|Any CPU.ActiveCfg = Debug|Any CPU
		{16E82DB2-9104-4142-B04A-E6FA76CFF30E}.Debug|Any CPU.Build.0 = Debug|Any CPU
		{16E82DB2-9104-4142-B04A-E6FA76CFF30E}.Release|Any CPU.ActiveCfg = Release|Any CPU
		{16E82DB2-9104-4142-B04A-E6FA76CFF30E}.Release|Any CPU.Build.0 = Release|Any CPU
	EndGlobalSection
	GlobalSection(SolutionProperties) = preSolution
		HideSolutionNode = FALSE
	EndGlobalSection
	GlobalSection(ExtensibilityGlobals) = postSolution
		SolutionGuid = {25F61059-E9F1-4F88-B2AB-89A3C16A7D41}
	EndGlobalSection
EndGlobal
