
Microsoft Visual Studio Solution File, Format Version 12.00
# Visual Studio 15
VisualStudioVersion = 15.0.27703.2042
MinimumVisualStudioVersion = 10.0.40219.1
Project("{FAE04EC0-301F-11D3-BF4B-00C04F79EFBC}") = "BubbleSort", "BubbleSort\BubbleSort.csproj", "{0F1B95E8-12F8-472C-BD62-52845579FC4D}"
EndProject
Global
	GlobalSection(SolutionConfigurationPlatforms) = preSolution
		Debug|Any CPU = Debug|Any CPU
		Release|Any CPU = Release|Any CPU
	EndGlobalSection
	GlobalSection(ProjectConfigurationPlatforms) = postSolution
		{0F1B95E8-12F8-472C-BD62-52845579FC4D}.Debug|Any CPU.ActiveCfg = Debug|Any CPU
		{0F1B95E8-12F8-472C-BD62-52845579FC4D}.Debug|Any CPU.Build.0 = Debug|Any CPU
		{0F1B95E8-12F8-472C-BD62-52845579FC4D}.Release|Any CPU.ActiveCfg = Release|Any CPU
		{0F1B95E8-12F8-472C-BD62-52845579FC4D}.Release|Any CPU.Build.0 = Release|Any CPU
	EndGlobalSection
	GlobalSection(SolutionProperties) = preSolution
		HideSolutionNode = FALSE
	EndGlobalSection
	GlobalSection(ExtensibilityGlobals) = postSolution
		SolutionGuid = {8DEC9E53-84F1-4EEF-8AFB-0A5FB9521B69}
	EndGlobalSection
EndGlobal
