
Microsoft Visual Studio Solution File, Format Version 12.00
# Visual Studio 15
VisualStudioVersion = 15.0.28010.2046
MinimumVisualStudioVersion = 10.0.40219.1
Project("{FAE04EC0-301F-11D3-BF4B-00C04F79EFBC}") = "binToDes", "binToDes\binToDes.csproj", "{BCC37BA9-BFDE-44EE-BFFE-278B50AACE0F}"
EndProject
Global
	GlobalSection(SolutionConfigurationPlatforms) = preSolution
		Debug|Any CPU = Debug|Any CPU
		Release|Any CPU = Release|Any CPU
	EndGlobalSection
	GlobalSection(ProjectConfigurationPlatforms) = postSolution
		{BCC37BA9-BFDE-44EE-BFFE-278B50AACE0F}.Debug|Any CPU.ActiveCfg = Debug|Any CPU
		{BCC37BA9-BFDE-44EE-BFFE-278B50AACE0F}.Debug|Any CPU.Build.0 = Debug|Any CPU
		{BCC37BA9-BFDE-44EE-BFFE-278B50AACE0F}.Release|Any CPU.ActiveCfg = Release|Any CPU
		{BCC37BA9-BFDE-44EE-BFFE-278B50AACE0F}.Release|Any CPU.Build.0 = Release|Any CPU
	EndGlobalSection
	GlobalSection(SolutionProperties) = preSolution
		HideSolutionNode = FALSE
	EndGlobalSection
	GlobalSection(ExtensibilityGlobals) = postSolution
		SolutionGuid = {FA9CF34C-4CED-4B6C-B49D-FF261A524461}
	EndGlobalSection
EndGlobal
