
Microsoft Visual Studio Solution File, Format Version 12.00
# Visual Studio 15
VisualStudioVersion = 15.0.28010.2048
MinimumVisualStudioVersion = 10.0.40219.1
Project("{FAE04EC0-301F-11D3-BF4B-00C04F79EFBC}") = "Selection_Sort_100_Messy", "Selection_Sort_100_Messy\Selection_Sort_100_Messy.csproj", "{7433390E-DF80-4E09-912E-79AFCD66E8A6}"
EndProject
Global
	GlobalSection(SolutionConfigurationPlatforms) = preSolution
		Debug|Any CPU = Debug|Any CPU
		Release|Any CPU = Release|Any CPU
	EndGlobalSection
	GlobalSection(ProjectConfigurationPlatforms) = postSolution
		{7433390E-DF80-4E09-912E-79AFCD66E8A6}.Debug|Any CPU.ActiveCfg = Debug|Any CPU
		{7433390E-DF80-4E09-912E-79AFCD66E8A6}.Debug|Any CPU.Build.0 = Debug|Any CPU
		{7433390E-DF80-4E09-912E-79AFCD66E8A6}.Release|Any CPU.ActiveCfg = Release|Any CPU
		{7433390E-DF80-4E09-912E-79AFCD66E8A6}.Release|Any CPU.Build.0 = Release|Any CPU
	EndGlobalSection
	GlobalSection(SolutionProperties) = preSolution
		HideSolutionNode = FALSE
	EndGlobalSection
	GlobalSection(ExtensibilityGlobals) = postSolution
		SolutionGuid = {071F2523-3622-4B31-98DA-A27DD36177EC}
	EndGlobalSection
EndGlobal
