
Microsoft Visual Studio Solution File, Format Version 12.00
# Visual Studio 15
VisualStudioVersion = 15.0.27703.2042
MinimumVisualStudioVersion = 10.0.40219.1
Project("{FAE04EC0-301F-11D3-BF4B-00C04F79EFBC}") = "SortingAlgorithmsComparison", "SortingAlgorithmsComparison\SortingAlgorithmsComparison.csproj", "{25F9CD97-0443-4B68-BCCC-1C4B3C07B3E3}"
EndProject
Global
	GlobalSection(SolutionConfigurationPlatforms) = preSolution
		Debug|Any CPU = Debug|Any CPU
		Release|Any CPU = Release|Any CPU
	EndGlobalSection
	GlobalSection(ProjectConfigurationPlatforms) = postSolution
		{25F9CD97-0443-4B68-BCCC-1C4B3C07B3E3}.Debug|Any CPU.ActiveCfg = Debug|Any CPU
		{25F9CD97-0443-4B68-BCCC-1C4B3C07B3E3}.Debug|Any CPU.Build.0 = Debug|Any CPU
		{25F9CD97-0443-4B68-BCCC-1C4B3C07B3E3}.Release|Any CPU.ActiveCfg = Release|Any CPU
		{25F9CD97-0443-4B68-BCCC-1C4B3C07B3E3}.Release|Any CPU.Build.0 = Release|Any CPU
	EndGlobalSection
	GlobalSection(SolutionProperties) = preSolution
		HideSolutionNode = FALSE
	EndGlobalSection
	GlobalSection(ExtensibilityGlobals) = postSolution
		SolutionGuid = {800C7CEF-6A12-4C37-90C9-E69E23AF4413}
	EndGlobalSection
EndGlobal
