
Microsoft Visual Studio Solution File, Format Version 12.00
# Visual Studio 15
VisualStudioVersion = 15.0.28010.2041
MinimumVisualStudioVersion = 10.0.40219.1
Project("{FAE04EC0-301F-11D3-BF4B-00C04F79EFBC}") = "ProjectBubleSort", "ProjectBubleSort\ProjectBubleSort.csproj", "{0D4D8840-869F-44EC-A5F5-E2F7FC4FC9BA}"
EndProject
Global
	GlobalSection(SolutionConfigurationPlatforms) = preSolution
		Debug|Any CPU = Debug|Any CPU
		Release|Any CPU = Release|Any CPU
	EndGlobalSection
	GlobalSection(ProjectConfigurationPlatforms) = postSolution
		{0D4D8840-869F-44EC-A5F5-E2F7FC4FC9BA}.Debug|Any CPU.ActiveCfg = Debug|Any CPU
		{0D4D8840-869F-44EC-A5F5-E2F7FC4FC9BA}.Debug|Any CPU.Build.0 = Debug|Any CPU
		{0D4D8840-869F-44EC-A5F5-E2F7FC4FC9BA}.Release|Any CPU.ActiveCfg = Release|Any CPU
		{0D4D8840-869F-44EC-A5F5-E2F7FC4FC9BA}.Release|Any CPU.Build.0 = Release|Any CPU
	EndGlobalSection
	GlobalSection(SolutionProperties) = preSolution
		HideSolutionNode = FALSE
	EndGlobalSection
	GlobalSection(ExtensibilityGlobals) = postSolution
		SolutionGuid = {62CD944E-E76A-42C7-8605-3A6BEC4DB37F}
	EndGlobalSection
EndGlobal
