
Microsoft Visual Studio Solution File, Format Version 12.00
# Visual Studio 15
VisualStudioVersion = 15.0.28010.2048
MinimumVisualStudioVersion = 10.0.40219.1
Project("{FAE04EC0-301F-11D3-BF4B-00C04F79EFBC}") = "QuickSort-Optimazing", "QuickSort-Optimazing\QuickSort-Optimazing.csproj", "{2D04F5CE-1EAD-4F62-9312-087231CAC347}"
EndProject
Global
	GlobalSection(SolutionConfigurationPlatforms) = preSolution
		Debug|Any CPU = Debug|Any CPU
		Release|Any CPU = Release|Any CPU
	EndGlobalSection
	GlobalSection(ProjectConfigurationPlatforms) = postSolution
		{2D04F5CE-1EAD-4F62-9312-087231CAC347}.Debug|Any CPU.ActiveCfg = Debug|Any CPU
		{2D04F5CE-1EAD-4F62-9312-087231CAC347}.Debug|Any CPU.Build.0 = Debug|Any CPU
		{2D04F5CE-1EAD-4F62-9312-087231CAC347}.Release|Any CPU.ActiveCfg = Release|Any CPU
		{2D04F5CE-1EAD-4F62-9312-087231CAC347}.Release|Any CPU.Build.0 = Release|Any CPU
	EndGlobalSection
	GlobalSection(SolutionProperties) = preSolution
		HideSolutionNode = FALSE
	EndGlobalSection
	GlobalSection(ExtensibilityGlobals) = postSolution
		SolutionGuid = {D0A9FD7A-128E-4662-A358-DA6AAFAC82FC}
	EndGlobalSection
EndGlobal
