
Microsoft Visual Studio Solution File, Format Version 12.00
# Visual Studio 15
VisualStudioVersion = 15.0.28010.2050
MinimumVisualStudioVersion = 10.0.40219.1
Project("{FAE04EC0-301F-11D3-BF4B-00C04F79EFBC}") = "SearchInString", "SearchInString\SearchInString.csproj", "{F14FB944-EB99-4AA2-8315-D419F2A901DB}"
EndProject
Global
	GlobalSection(SolutionConfigurationPlatforms) = preSolution
		Debug|Any CPU = Debug|Any CPU
		Release|Any CPU = Release|Any CPU
	EndGlobalSection
	GlobalSection(ProjectConfigurationPlatforms) = postSolution
		{F14FB944-EB99-4AA2-8315-D419F2A901DB}.Debug|Any CPU.ActiveCfg = Debug|Any CPU
		{F14FB944-EB99-4AA2-8315-D419F2A901DB}.Debug|Any CPU.Build.0 = Debug|Any CPU
		{F14FB944-EB99-4AA2-8315-D419F2A901DB}.Release|Any CPU.ActiveCfg = Release|Any CPU
		{F14FB944-EB99-4AA2-8315-D419F2A901DB}.Release|Any CPU.Build.0 = Release|Any CPU
	EndGlobalSection
	GlobalSection(SolutionProperties) = preSolution
		HideSolutionNode = FALSE
	EndGlobalSection
	GlobalSection(ExtensibilityGlobals) = postSolution
		SolutionGuid = {75C967F7-0FA9-4FBF-AD71-151F0F8F57E7}
	EndGlobalSection
EndGlobal
